
Microsoft Visual Studio Solution File, Format Version 12.00
# Visual Studio 15
VisualStudioVersion = 15.0.28307.271
MinimumVisualStudioVersion = 10.0.40219.1
Project("{FAE04EC0-301F-11D3-BF4B-00C04F79EFBC}") = "RSSReader", "RSSReader\RSSReader.csproj", "{89BC7A6B-3228-4D54-9067-28DB9BDA9946}"
EndProject
Project("{FAE04EC0-301F-11D3-BF4B-00C04F79EFBC}") = "RSSController", "RSSController\RSSController.csproj", "{6858E540-7680-4D7D-97F0-421072EF5D1E}"
EndProject
Global
	GlobalSection(SolutionConfigurationPlatforms) = preSolution
		Debug|Any CPU = Debug|Any CPU
		Debug|ARM = Debug|ARM
		Debug|ARM64 = Debug|ARM64
		Debug|x64 = Debug|x64
		Debug|x86 = Debug|x86
		Release|Any CPU = Release|Any CPU
		Release|ARM = Release|ARM
		Release|ARM64 = Release|ARM64
		Release|x64 = Release|x64
		Release|x86 = Release|x86
	EndGlobalSection
	GlobalSection(ProjectConfigurationPlatforms) = postSolution
		{89BC7A6B-3228-4D54-9067-28DB9BDA9946}.Debug|Any CPU.ActiveCfg = Debug|x86
		{89BC7A6B-3228-4D54-9067-28DB9BDA9946}.Debug|ARM.ActiveCfg = Debug|ARM
		{89BC7A6B-3228-4D54-9067-28DB9BDA9946}.Debug|ARM.Build.0 = Debug|ARM
		{89BC7A6B-3228-4D54-9067-28DB9BDA9946}.Debug|ARM.Deploy.0 = Debug|ARM
		{89BC7A6B-3228-4D54-9067-28DB9BDA9946}.Debug|ARM64.ActiveCfg = Debug|ARM64
		{89BC7A6B-3228-4D54-9067-28DB9BDA9946}.Debug|ARM64.Build.0 = Debug|ARM64
		{89BC7A6B-3228-4D54-9067-28DB9BDA9946}.Debug|ARM64.Deploy.0 = Debug|ARM64
		{89BC7A6B-3228-4D54-9067-28DB9BDA9946}.Debug|x64.ActiveCfg = Debug|x64
		{89BC7A6B-3228-4D54-9067-28DB9BDA9946}.Debug|x64.Build.0 = Debug|x64
		{89BC7A6B-3228-4D54-9067-28DB9BDA9946}.Debug|x64.Deploy.0 = Debug|x64
		{89BC7A6B-3228-4D54-9067-28DB9BDA9946}.Debug|x86.ActiveCfg = Debug|x86
		{89BC7A6B-3228-4D54-9067-28DB9BDA9946}.Debug|x86.Build.0 = Debug|x86
		{89BC7A6B-3228-4D54-9067-28DB9BDA9946}.Debug|x86.Deploy.0 = Debug|x86
		{89BC7A6B-3228-4D54-9067-28DB9BDA9946}.Release|Any CPU.ActiveCfg = Release|x86
		{89BC7A6B-3228-4D54-9067-28DB9BDA9946}.Release|ARM.ActiveCfg = Release|ARM
		{89BC7A6B-3228-4D54-9067-28DB9BDA9946}.Release|ARM.Build.0 = Release|ARM
		{89BC7A6B-3228-4D54-9067-28DB9BDA9946}.Release|ARM.Deploy.0 = Release|ARM
		{89BC7A6B-3228-4D54-9067-28DB9BDA9946}.Release|ARM64.ActiveCfg = Release|ARM64
		{89BC7A6B-3228-4D54-9067-28DB9BDA9946}.Release|ARM64.Build.0 = Release|ARM64
		{89BC7A6B-3228-4D54-9067-28DB9BDA9946}.Release|ARM64.Deploy.0 = Release|ARM64
		{89BC7A6B-3228-4D54-9067-28DB9BDA9946}.Release|x64.ActiveCfg = Release|x64
		{89BC7A6B-3228-4D54-9067-28DB9BDA9946}.Release|x64.Build.0 = Release|x64
		{89BC7A6B-3228-4D54-9067-28DB9BDA9946}.Release|x64.Deploy.0 = Release|x64
		{89BC7A6B-3228-4D54-9067-28DB9BDA9946}.Release|x86.ActiveCfg = Release|x86
		{89BC7A6B-3228-4D54-9067-28DB9BDA9946}.Release|x86.Build.0 = Release|x86
		{89BC7A6B-3228-4D54-9067-28DB9BDA9946}.Release|x86.Deploy.0 = Release|x86
		{6858E540-7680-4D7D-97F0-421072EF5D1E}.Debug|Any CPU.ActiveCfg = Debug|Any CPU
		{6858E540-7680-4D7D-97F0-421072EF5D1E}.Debug|Any CPU.Build.0 = Debug|Any CPU
		{6858E540-7680-4D7D-97F0-421072EF5D1E}.Debug|ARM.ActiveCfg = Debug|ARM
		{6858E540-7680-4D7D-97F0-421072EF5D1E}.Debug|ARM.Build.0 = Debug|ARM
		{6858E540-7680-4D7D-97F0-421072EF5D1E}.Debug|ARM64.ActiveCfg = Debug|ARM64
		{6858E540-7680-4D7D-97F0-421072EF5D1E}.Debug|ARM64.Build.0 = Debug|ARM64
		{6858E540-7680-4D7D-97F0-421072EF5D1E}.Debug|x64.ActiveCfg = Debug|x64
		{6858E540-7680-4D7D-97F0-421072EF5D1E}.Debug|x64.Build.0 = Debug|x64
		{6858E540-7680-4D7D-97F0-421072EF5D1E}.Debug|x86.ActiveCfg = Debug|x86
		{6858E540-7680-4D7D-97F0-421072EF5D1E}.Debug|x86.Build.0 = Debug|x86
		{6858E540-7680-4D7D-97F0-421072EF5D1E}.Release|Any CPU.ActiveCfg = Release|Any CPU
		{6858E540-7680-4D7D-97F0-421072EF5D1E}.Release|Any CPU.Build.0 = Release|Any CPU
		{6858E540-7680-4D7D-97F0-421072EF5D1E}.Release|ARM.ActiveCfg = Release|ARM
		{6858E540-7680-4D7D-97F0-421072EF5D1E}.Release|ARM.Build.0 = Release|ARM
		{6858E540-7680-4D7D-97F0-421072EF5D1E}.Release|ARM64.ActiveCfg = Release|ARM64
		{6858E540-7680-4D7D-97F0-421072EF5D1E}.Release|ARM64.Build.0 = Release|ARM64
		{6858E540-7680-4D7D-97F0-421072EF5D1E}.Release|x64.ActiveCfg = Release|x64
		{6858E540-7680-4D7D-97F0-421072EF5D1E}.Release|x64.Build.0 = Release|x64
		{6858E540-7680-4D7D-97F0-421072EF5D1E}.Release|x86.ActiveCfg = Release|x86
		{6858E540-7680-4D7D-97F0-421072EF5D1E}.Release|x86.Build.0 = Release|x86
	EndGlobalSection
	GlobalSection(SolutionProperties) = preSolution
		HideSolutionNode = FALSE
	EndGlobalSection
	GlobalSection(ExtensibilityGlobals) = postSolution
		SolutionGuid = {93D8C54B-75C5-49F2-907C-A11DFC92630A}
	EndGlobalSection
EndGlobal
